// !$*UTF8*$!
{
	archiveVersion = 1;
	classes = {
	};
	objectVersion = 48;
	objects = {

/* Begin PBXBuildFile section */
		18006F6E202E8CDE008D3CE5 /* AppDelegate.m in Sources */ = {isa = PBXBuildFile; fileRef = 18006F6D202E8CDE008D3CE5 /* AppDelegate.m */; };
		18006F71202E8CDE008D3CE5 /* ViewController.m in Sources */ = {isa = PBXBuildFile; fileRef = 18006F70202E8CDE008D3CE5 /* ViewController.m */; };
		18006F73202E8CDE008D3CE5 /* Assets.xcassets in Resources */ = {isa = PBXBuildFile; fileRef = 18006F72202E8CDE008D3CE5 /* Assets.xcassets */; };
		18006F76202E8CDE008D3CE5 /* Main.storyboard in Resources */ = {isa = PBXBuildFile; fileRef = 18006F74202E8CDE008D3CE5 /* Main.storyboard */; };
		18006F79202E8CDE008D3CE5 /* main.m in Sources */ = {isa = PBXBuildFile; fileRef = 18006F78202E8CDE008D3CE5 /* main.m */; };
/* End PBXBuildFile section */

/* Begin PBXFileReference section */
		18006F69202E8CDE008D3CE5 /* GameApiTestMac.app */ = {isa = PBXFileReference; explicitFileType = wrapper.application; includeInIndex = 0; path = GameApiTestMac.app; sourceTree = BUILT_PRODUCTS_DIR; };
		18006F6C202E8CDE008D3CE5 /* AppDelegate.h */ = {isa = PBXFileReference; lastKnownFileType = sourcecode.c.h; path = AppDelegate.h; sourceTree = "<group>"; };
		18006F6D202E8CDE008D3CE5 /* AppDelegate.m */ = {isa = PBXFileReference; lastKnownFileType = sourcecode.c.objc; path = AppDelegate.m; sourceTree = "<group>"; };
		18006F6F202E8CDE008D3CE5 /* ViewController.h */ = {isa = PBXFileReference; lastKnownFileType = sourcecode.c.h; path = ViewController.h; sourceTree = "<group>"; };
		18006F70202E8CDE008D3CE5 /* ViewController.m */ = {isa = PBXFileReference; lastKnownFileType = sourcecode.c.objc; path = ViewController.m; sourceTree = "<group>"; };
		18006F72202E8CDE008D3CE5 /* Assets.xcassets */ = {isa = PBXFileReference; lastKnownFileType = folder.assetcatalog; path = Assets.xcassets; sourceTree = "<group>"; };
		18006F75202E8CDE008D3CE5 /* Base */ = {isa = PBXFileReference; lastKnownFileType = file.storyboard; name = Base; path = Base.lproj/Main.storyboard; sourceTree = "<group>"; };
		18006F77202E8CDE008D3CE5 /* Info.plist */ = {isa = PBXFileReference; lastKnownFileType = text.plist.xml; path = Info.plist; sourceTree = "<group>"; };
		18006F78202E8CDE008D3CE5 /* main.m */ = {isa = PBXFileReference; lastKnownFileType = sourcecode.c.objc; path = main.m; sourceTree = "<group>"; };
		18006F7A202E8CDE008D3CE5 /* GameApiTestMac.entitlements */ = {isa = PBXFileReference; lastKnownFileType = text.plist.entitlements; path = GameApiTestMac.entitlements; sourceTree = "<group>"; };
/* End PBXFileReference section */

/* Begin PBXFrameworksBuildPhase section */
		18006F66202E8CDE008D3CE5 /* Frameworks */ = {
			isa = PBXFrameworksBuildPhase;
			buildActionMask = 2147483647;
			files = (
			);
			runOnlyForDeploymentPostprocessing = 0;
		};
/* End PBXFrameworksBuildPhase section */

/* Begin PBXGroup section */
		18006F60202E8CDE008D3CE5 = {
			isa = PBXGroup;
			children = (
				18006F6B202E8CDE008D3CE5 /* GameApiTestMac */,
				18006F6A202E8CDE008D3CE5 /* Products */,
			);
			sourceTree = "<group>";
		};
		18006F6A202E8CDE008D3CE5 /* Products */ = {
			isa = PBXGroup;
			children = (
				18006F69202E8CDE008D3CE5 /* GameApiTestMac.app */,
			);
			name = Products;
			sourceTree = "<group>";
		};
		18006F6B202E8CDE008D3CE5 /* GameApiTestMac */ = {
			isa = PBXGroup;
			children = (
				18006F6C202E8CDE008D3CE5 /* AppDelegate.h */,
				18006F6D202E8CDE008D3CE5 /* AppDelegate.m */,
				18006F6F202E8CDE008D3CE5 /* ViewController.h */,
				18006F70202E8CDE008D3CE5 /* ViewController.m */,
				18006F72202E8CDE008D3CE5 /* Assets.xcassets */,
				18006F74202E8CDE008D3CE5 /* Main.storyboard */,
				18006F77202E8CDE008D3CE5 /* Info.plist */,
				18006F78202E8CDE008D3CE5 /* main.m */,
				18006F7A202E8CDE008D3CE5 /* GameApiTestMac.entitlements */,
			);
			path = GameApiTestMac;
			sourceTree = "<group>";
		};
/* End PBXGroup section */

/* Begin PBXNativeTarget section */
		18006F68202E8CDE008D3CE5 /* GameApiTestMac */ = {
			isa = PBXNativeTarget;
			buildConfigurationList = 18006F7D202E8CDE008D3CE5 /* Build configuration list for PBXNativeTarget "GameApiTestMac" */;
			buildPhases = (
				18006F65202E8CDE008D3CE5 /* Sources */,
				18006F66202E8CDE008D3CE5 /* Frameworks */,
				18006F67202E8CDE008D3CE5 /* Resources */,
			);
			buildRules = (
			);
			dependencies = (
			);
			name = GameApiTestMac;
			productName = GameApiTestMac;
			productReference = 18006F69202E8CDE008D3CE5 /* GameApiTestMac.app */;
			productType = "com.apple.product-type.application";
		};
/* End PBXNativeTarget section */

/* Begin PBXProject section */
		18006F61202E8CDE008D3CE5 /* Project object */ = {
			isa = PBXProject;
			attributes = {
				LastUpgradeCheck = 0920;
				ORGANIZATIONNAME = apple;
				TargetAttributes = {
					18006F68202E8CDE008D3CE5 = {
						CreatedOnToolsVersion = 9.2;
						ProvisioningStyle = Automatic;
					};
				};
			};
			buildConfigurationList = 18006F64202E8CDE008D3CE5 /* Build configuration list for PBXProject "GameApiTestMac" */;
			compatibilityVersion = "Xcode 8.0";
			developmentRegion = en;
			hasScannedForEncodings = 0;
			knownRegions = (
				en,
				Base,
			);
			mainGroup = 18006F60202E8CDE008D3CE5;
			productRefGroup = 18006F6A202E8CDE008D3CE5 /* Products */;
			projectDirPath = "";
			projectRoot = "";
			targets = (
				18006F68202E8CDE008D3CE5 /* GameApiTestMac */,
			);
		};
/* End PBXProject section */

/* Begin PBXResourcesBuildPhase section */
		18006F67202E8CDE008D3CE5 /* Resources */ = {
			isa = PBXResourcesBuildPhase;
			buildActionMask = 2147483647;
			files = (
				18006F73202E8CDE008D3CE5 /* Assets.xcassets in Resources */,
				18006F76202E8CDE008D3CE5 /* Main.storyboard in Resources */,
			);
			runOnlyForDeploymentPostprocessing = 0;
		};
/* End PBXResourcesBuildPhase section */

/* Begin PBXSourcesBuildPhase section */
		18006F65202E8CDE008D3CE5 /* Sources */ = {
			isa = PBXSourcesBuildPhase;
			buildActionMask = 2147483647;
			files = (
				18006F71202E8CDE008D3CE5 /* ViewController.m in Sources */,
				18006F79202E8CDE008D3CE5 /* main.m in Sources */,
				18006F6E202E8CDE008D3CE5 /* AppDelegate.m in Sources */,
			);
			runOnlyForDeploymentPostprocessing = 0;
		};
/* End PBXSourcesBuildPhase section */

/* Begin PBXVariantGroup section */
		18006F74202E8CDE008D3CE5 /* Main.storyboard */ = {
			isa = PBXVariantGroup;
			children = (
				18006F75202E8CDE008D3CE5 /* Base */,
			);
			name = Main.storyboard;
			sourceTree = "<group>";
		};
/* End PBXVariantGroup section */

/* Begin XCBuildConfiguration section */
		18006F7B202E8CDE008D3CE5 /* Debug */ = {
			isa = XCBuildConfiguration;
			buildSettings = {
				ALWAYS_SEARCH_USER_PATHS = NO;
				CLANG_ANALYZER_NONNULL = YES;
				CLANG_ANALYZER_NUMBER_OBJECT_CONVERSION = YES_AGGRESSIVE;
				CLANG_CXX_LANGUAGE_STANDARD = "gnu++14";
				CLANG_CXX_LIBRARY = "libc++";
				CLANG_ENABLE_MODULES = YES;
				CLANG_ENABLE_OBJC_ARC = YES;
				CLANG_WARN_BLOCK_CAPTURE_AUTORELEASING = YES;
				CLANG_WARN_BOOL_CONVERSION = YES;
				CLANG_WARN_COMMA = YES;
				CLANG_WARN_CONSTANT_CONVERSION = YES;
				CLANG_WARN_DIRECT_OBJC_ISA_USAGE = YES_ERROR;
				CLANG_WARN_DOCUMENTATION_COMMENTS = YES;
				CLANG_WARN_EMPTY_BODY = YES;
				CLANG_WARN_ENUM_CONVERSION = YES;
				CLANG_WARN_INFINITE_RECURSION = YES;
				CLANG_WARN_INT_CONVERSION = YES;
				CLANG_WARN_NON_LITERAL_NULL_CONVERSION = YES;
				CLANG_WARN_OBJC_LITERAL_CONVERSION = YES;
				CLANG_WARN_OBJC_ROOT_CLASS = YES_ERROR;
				CLANG_WARN_RANGE_LOOP_ANALYSIS = YES;
				CLANG_WARN_STRICT_PROTOTYPES = YES;
				CLANG_WARN_SUSPICIOUS_MOVE = YES;
				CLANG_WARN_UNGUARDED_AVAILABILITY = YES_AGGRESSIVE;
				CLANG_WARN_UNREACHABLE_CODE = YES;
				CLANG_WARN__DUPLICATE_METHOD_MATCH = YES;
				CODE_SIGN_IDENTITY = "Mac Developer";
				COPY_PHASE_STRIP = NO;
				DEBUG_INFORMATION_FORMAT = dwarf;
				ENABLE_STRICT_OBJC_MSGSEND = YES;
				ENABLE_TESTABILITY = YES;
				GCC_C_LANGUAGE_STANDARD = gnu11;
				GCC_DYNAMIC_NO_PIC = NO;
				GCC_NO_COMMON_BLOCKS = YES;
				GCC_OPTIMIZATION_LEVEL = 0;
				GCC_PREPROCESSOR_DEFINITIONS = (
					"DEBUG=1",
					"$(inherited)",
				);
				GCC_WARN_64_TO_32_BIT_CONVERSION = YES;
				GCC_WARN_ABOUT_RETURN_TYPE = YES_ERROR;
				GCC_WARN_UNDECLARED_SELECTOR = YES;
				GCC_WARN_UNINITIALIZED_AUTOS = YES_AGGRESSIVE;
				GCC_WARN_UNUSED_FUNCTION = YES;
				GCC_WARN_UNUSED_VARIABLE = YES;
				MACOSX_DEPLOYMENT_TARGET = 10.12;
				MTL_ENABLE_DEBUG_INFO = YES;
				ONLY_ACTIVE_ARCH = YES;
				SDKROOT = macosx;
			};
			name = Debug;
		};
		18006F7C202E8CDE008D3CE5 /* Release */ = {
			isa = XCBuildConfiguration;
			buildSettings = {
				ALWAYS_SEARCH_USER_PATHS = NO;
				CLANG_ANALYZER_NONNULL = YES;
				CLANG_ANALYZER_NUMBER_OBJECT_CONVERSION = YES_AGGRESSIVE;
				CLANG_CXX_LANGUAGE_STANDARD = "gnu++14";
				CLANG_CXX_LIBRARY = "libc++";
				CLANG_ENABLE_MODULES = YES;
				CLANG_ENABLE_OBJC_ARC = YES;
				CLANG_WARN_BLOCK_CAPTURE_AUTORELEASING = YES;
				CLANG_WARN_BOOL_CONVERSION = YES;
				CLANG_WARN_COMMA = YES;
				CLANG_WARN_CONSTANT_CONVERSION = YES;
				CLANG_WARN_DIRECT_OBJC_ISA_USAGE = YES_ERROR;
				CLANG_WARN_DOCUMENTATION_COMMENTS = YES;
				CLANG_WARN_EMPTY_BODY = YES;
				CLANG_WARN_ENUM_CONVERSION = YES;
				CLANG_WARN_INFINITE_RECURSION = YES;
				CLANG_WARN_INT_CONVERSION = YES;
				CLANG_WARN_NON_LITERAL_NULL_CONVERSION = YES;
				CLANG_WARN_OBJC_LITERAL_CONVERSION = YES;
				CLANG_WARN_OBJC_ROOT_CLASS = YES_ERROR;
				CLANG_WARN_RANGE_LOOP_ANALYSIS = YES;
				CLANG_WARN_STRICT_PROTOTYPES = YES;
				CLANG_WARN_SUSPICIOUS_MOVE = YES;
				CLANG_WARN_UNGUARDED_AVAILABILITY = YES_AGGRESSIVE;
				CLANG_WARN_UNREACHABLE_CODE = YES;
				CLANG_WARN__DUPLICATE_METHOD_MATCH = YES;
				CODE_SIGN_IDENTITY = "Mac Developer";
				COPY_PHASE_STRIP = NO;
				DEBUG_INFORMATION_FORMAT = "dwarf-with-dsym";
				ENABLE_NS_ASSERTIONS = NO;
				ENABLE_STRICT_OBJC_MSGSEND = YES;
				GCC_C_LANGUAGE_STANDARD = gnu11;
				GCC_NO_COMMON_BLOCKS = YES;
				GCC_WARN_64_TO_32_BIT_CONVERSION = YES;
				GCC_WARN_ABOUT_RETURN_TYPE = YES_ERROR;
				GCC_WARN_UNDECLARED_SELECTOR = YES;
				GCC_WARN_UNINITIALIZED_AUTOS = YES_AGGRESSIVE;
				GCC_WARN_UNUSED_FUNCTION = YES;
				GCC_WARN_UNUSED_VARIABLE = YES;
				MACOSX_DEPLOYMENT_TARGET = 10.12;
				MTL_ENABLE_DEBUG_INFO = NO;
				SDKROOT = macosx;
			};
			name = Release;
		};
		18006F7E202E8CDE008D3CE5 /* Debug */ = {
			isa = XCBuildConfiguration;
			buildSettings = {
				ASSETCATALOG_COMPILER_APPICON_NAME = AppIcon;
				CODE_SIGN_ENTITLEMENTS = GameApiTestMac/GameApiTestMac.entitlements;
				CODE_SIGN_STYLE = Automatic;
				COMBINE_HIDPI_IMAGES = YES;
				DEVELOPMENT_TEAM = S4JKVJ79XS;
				INFOPLIST_FILE = GameApiTestMac/Info.plist;
				LD_RUNPATH_SEARCH_PATHS = "$(inherited) @executable_path/../Frameworks";
				PRODUCT_BUNDLE_IDENTIFIER = fantacy.GameApiTestMac;
				PRODUCT_NAME = "$(TARGET_NAME)";
			};
			name = Debug;
		};
		18006F7F202E8CDE008D3CE5 /* Release */ = {
			isa = XCBuildConfiguration;
			buildSettings = {
				ASSETCATALOG_COMPILER_APPICON_NAME = AppIcon;
				CODE_SIGN_ENTITLEMENTS = GameApiTestMac/GameApiTestMac.entitlements;
				CODE_SIGN_STYLE = Automatic;
				COMBINE_HIDPI_IMAGES = YES;
				DEVELOPMENT_TEAM = S4JKVJ79XS;
				INFOPLIST_FILE = GameApiTestMac/Info.plist;
				LD_RUNPATH_SEARCH_PATHS = "$(inherited) @executable_path/../Frameworks";
				PRODUCT_BUNDLE_IDENTIFIER = fantacy.GameApiTestMac;
				PRODUCT_NAME = "$(TARGET_NAME)";
			};
			name = Release;
		};
/* End XCBuildConfiguration section */

/* Begin XCConfigurationList section */
		18006F64202E8CDE008D3CE5 /* Build configuration list for PBXProject "GameApiTestMac" */ = {
			isa = XCConfigurationList;
			buildConfigurations = (
				18006F7B202E8CDE008D3CE5 /* Debug */,
				18006F7C202E8CDE008D3CE5 /* Release */,
			);
			defaultConfigurationIsVisible = 0;
			defaultConfigurationName = Release;
		};
		18006F7D202E8CDE008D3CE5 /* Build configuration list for PBXNativeTarget "GameApiTestMac" */ = {
			isa = XCConfigurationList;
			buildConfigurations = (
				18006F7E202E8CDE008D3CE5 /* Debug */,
				18006F7F202E8CDE008D3CE5 /* Release */,
			);
			defaultConfigurationIsVisible = 0;
			defaultConfigurationName = Release;
		};
/* End XCConfigurationList section */
	};
	rootObject = 18006F61202E8CDE008D3CE5 /* Project object */;
}
